# This file is generated by running "yarn install" inside your project.
# Manual changes might be lost - proceed with caution!

__metadata:
  version: 8
  cacheKey: 10c0

"chalk@npm:^5.4.1":
  version: 5.4.1
  resolution: "chalk@npm:5.4.1"
  checksum: 10c0/b23e88132c702f4855ca6d25cb5538b1114343e41472d5263ee8a37cccfccd9c4216d111e1097c6a27830407a1dc81fecdf2a56f2c63033d4dbbd88c10b0dcef
  languageName: node
  linkType: hard

"fs-extra@npm:^11.3.0":
  version: 11.3.0
  resolution: "fs-extra@npm:11.3.0"
  dependencies:
    graceful-fs: "npm:^4.2.0"
    jsonfile: "npm:^6.0.1"
    universalify: "npm:^2.0.0"
  checksum: 10c0/5f95e996186ff45463059feb115a22fb048bdaf7e487ecee8a8646c78ed8fdca63630e3077d4c16ce677051f5e60d3355a06f3cd61f3ca43f48cc58822a44d0a
  languageName: node
  linkType: hard

"gittaku@workspace:.":
  version: 0.0.0-use.local
  resolution: "gittaku@workspace:."
  dependencies:
    chalk: "npm:^5.4.1"
    fs-extra: "npm:^11.3.0"
  bin:
    taku: ./dist/cli.js
  languageName: unknown
  linkType: soft

"graceful-fs@npm:^4.1.6, graceful-fs@npm:^4.2.0":
  version: 4.2.11
  resolution: "graceful-fs@npm:4.2.11"
  checksum: 10c0/386d011a553e02bc594ac2ca0bd6d9e4c22d7fa8cfbfc448a6d148c59ea881b092db9dbe3547ae4b88e55f1b01f7c4a2ecc53b310c042793e63aa44cf6c257f2
  languageName: node
  linkType: hard

"jsonfile@npm:^6.0.1":
  version: 6.1.0
  resolution: "jsonfile@npm:6.1.0"
  dependencies:
    graceful-fs: "npm:^4.1.6"
    universalify: "npm:^2.0.0"
  dependenciesMeta:
    graceful-fs:
      optional: true
  checksum: 10c0/4f95b5e8a5622b1e9e8f33c96b7ef3158122f595998114d1e7f03985649ea99cb3cd99ce1ed1831ae94c8c8543ab45ebd044207612f31a56fd08462140e46865
  languageName: node
  linkType: hard

"universalify@npm:^2.0.0":
  version: 2.0.1
  resolution: "universalify@npm:2.0.1"
  checksum: 10c0/73e8ee3809041ca8b818efb141801a1004e3fc0002727f1531f4de613ea281b494a40909596dae4a042a4fb6cd385af5d4db2e137b1362e0e91384b828effd3a
  languageName: node
  linkType: hard
